
Microsoft Visual Studio Solution File, Format Version 12.00
# Visual Studio Version 16
VisualStudioVersion = 16.0.30011.22
MinimumVisualStudioVersion = 10.0.40219.1
Project("{9A19103F-16F7-4668-BE54-9A1E7A4F7556}") = "Weather", "Weather\Weather.csproj", "{F3C6B5B3-524F-4A82-94B4-3A222611C7DE}"
EndProject
Project("{9A19103F-16F7-4668-BE54-9A1E7A4F7556}") = "ApiClient", "ApiClient\ApiClient.csproj", "{9AD890E2-4C80-4A59-B414-AF9968C47A6B}"
EndProject
Project("{9A19103F-16F7-4668-BE54-9A1E7A4F7556}") = "DBReader", "DBReader\DBReader.csproj", "{37B55049-CA02-468C-AEC8-93F04E9F87A7}"
EndProject
Project("{E53339B2-1760-4266-BCC7-CA923CBCF16C}") = "docker-compose", "docker-compose.dcproj", "{230D14CE-752F-470A-8285-90476A52BE83}"
EndProject
Global
	GlobalSection(SolutionConfigurationPlatforms) = preSolution
		Debug|Any CPU = Debug|Any CPU
		Release|Any CPU = Release|Any CPU
	EndGlobalSection
	GlobalSection(ProjectConfigurationPlatforms) = postSolution
		{F3C6B5B3-524F-4A82-94B4-3A222611C7DE}.Debug|Any CPU.ActiveCfg = Debug|Any CPU
		{F3C6B5B3-524F-4A82-94B4-3A222611C7DE}.Debug|Any CPU.Build.0 = Debug|Any CPU
		{F3C6B5B3-524F-4A82-94B4-3A222611C7DE}.Release|Any CPU.ActiveCfg = Release|Any CPU
		{F3C6B5B3-524F-4A82-94B4-3A222611C7DE}.Release|Any CPU.Build.0 = Release|Any CPU
		{9AD890E2-4C80-4A59-B414-AF9968C47A6B}.Debug|Any CPU.ActiveCfg = Debug|Any CPU
		{9AD890E2-4C80-4A59-B414-AF9968C47A6B}.Debug|Any CPU.Build.0 = Debug|Any CPU
		{9AD890E2-4C80-4A59-B414-AF9968C47A6B}.Release|Any CPU.ActiveCfg = Release|Any CPU
		{9AD890E2-4C80-4A59-B414-AF9968C47A6B}.Release|Any CPU.Build.0 = Release|Any CPU
		{37B55049-CA02-468C-AEC8-93F04E9F87A7}.Debug|Any CPU.ActiveCfg = Debug|Any CPU
		{37B55049-CA02-468C-AEC8-93F04E9F87A7}.Debug|Any CPU.Build.0 = Debug|Any CPU
		{37B55049-CA02-468C-AEC8-93F04E9F87A7}.Release|Any CPU.ActiveCfg = Release|Any CPU
		{37B55049-CA02-468C-AEC8-93F04E9F87A7}.Release|Any CPU.Build.0 = Release|Any CPU
		{230D14CE-752F-470A-8285-90476A52BE83}.Debug|Any CPU.ActiveCfg = Debug|Any CPU
		{230D14CE-752F-470A-8285-90476A52BE83}.Debug|Any CPU.Build.0 = Debug|Any CPU
		{230D14CE-752F-470A-8285-90476A52BE83}.Release|Any CPU.ActiveCfg = Release|Any CPU
		{230D14CE-752F-470A-8285-90476A52BE83}.Release|Any CPU.Build.0 = Release|Any CPU
	EndGlobalSection
	GlobalSection(SolutionProperties) = preSolution
		HideSolutionNode = FALSE
	EndGlobalSection
	GlobalSection(ExtensibilityGlobals) = postSolution
		SolutionGuid = {46DA703B-09EF-43E4-B4F6-72861313E8BD}
	EndGlobalSection
EndGlobal
